{
  "nodes": {
    "doom-emacs": {
      "flake": false,
      "locked": {
        "lastModified": 1635511712,
        "narHash": "sha256-nTDCifoz5EzwnMxhMdJmuBw9P9h3rWnfpTxcR88Zfq8=",
        "owner": "hlissner",
        "repo": "doom-emacs",
        "rev": "20b74b79512c1c5e5866a389513c71a032f55d83",
        "type": "github"
      },
      "original": {
        "owner": "hlissner",
        "repo": "doom-emacs",
        "type": "github"
      }
    },
    "home-manager": {
      "inputs": {
        "nixpkgs": [
          "nixpkgs"
        ]
      },
      "locked": {
        "lastModified": 1635629446,
        "narHash": "sha256-rx7fVVjEdq/Be5uUw7CHwInGTZxPcCw2q/Ag31w56+4=",
        "owner": "nix-community",
        "repo": "home-manager",
        "rev": "71902bc913ccc36baa9ac18dd9b84117a34a36b0",
        "type": "github"
      },
      "original": {
        "owner": "nix-community",
        "repo": "home-manager",
        "type": "github"
      }
    },
    "nixos-hardware": {
      "locked": {
        "lastModified": 1635449388,
        "narHash": "sha256-i7hMiAgpRTGsMPTQKuNCDfW/ftQ+g9N6iaMj+RN6yws=",
        "owner": "NixOS",
        "repo": "nixos-hardware",
        "rev": "518b9c2159e7d4b7696ee18b8828f9086012923b",
        "type": "github"
      },
      "original": {
        "owner": "NixOS",
        "ref": "master",
        "repo": "nixos-hardware",
        "type": "github"
      }
    },
    "nixpkgs": {
      "locked": {
        "lastModified": 1635403963,
        "narHash": "sha256-0actzfzBAXvvDJ/EvPSGbtCPXUwSObQrcq0RpsPWZgA=",
        "owner": "NixOS",
        "repo": "nixpkgs",
        "rev": "2deb07f3ac4eeb5de1c12c4ba2911a2eb1f6ed61",
        "type": "github"
      },
      "original": {
        "owner": "NixOS",
        "ref": "nixos-unstable",
        "repo": "nixpkgs",
        "type": "github"
      }
    },
    "nur": {
      "locked": {
        "lastModified": 1635630045,
        "narHash": "sha256-Utmq2nWlAHxG4jNKfe1xiOZudhwshxH3LC3zeU+TeTI=",
        "owner": "nix-community",
        "repo": "NUR",
        "rev": "eaba9def044820dd6ab0119be2f3bdddea410f77",
        "type": "github"
      },
      "original": {
        "owner": "nix-community",
        "repo": "NUR",
        "type": "github"
      }
    },
    "root": {
      "inputs": {
        "doom-emacs": "doom-emacs",
        "home-manager": "home-manager",
        "nixos-hardware": "nixos-hardware",
        "nixpkgs": "nixpkgs",
        "nur": "nur"
      }
    }
  },
  "root": "root",
  "version": 7
}
